github.com/davecgh/go-spew v1.1.0/go.mod h1:J7Y8YcW2NihsgmVo/mv3lAwl/skON4iLHjSsI+c5H38=
github.com/dunv/concurrentList v1.0.2 h1:FeHDmPORqPeC4VjkkNYavO15TTSfsu9GLvYShkx9axo=
github.com/dunv/concurrentList v1.0.2/go.mod h1:yERVeKuu92VsZgseA/aTkzZBr60pkrDnz2s/dSXxzVY=
github.com/dunv/concurrentList v1.0.3 h1:7zXJnm+GYxG5zD5gwBIsGyKTQpvKowfBC9RDjMzuqws=
github.com/dunv/concurrentList v1.0.3/go.mod h1:yERVeKuu92VsZgseA/aTkzZBr60pkrDnz2s/dSXxzVY=
github.com/dunv/uhelpers v1.0.4 h1:EdxjjhT0n9CfpqQuA4V0A+GAxmFhbtNg9CB8EsHoCH8=
github.com/dunv/uhelpers v1.0.4/go.mod h1:e01Y+aVv/p2Te+5P5pZb6GiaOBce9jxDXE7bpJaBez4=
github.com/dunv/uhelpers v1.0.7 h1:KGWCYZo+FO3wbov+OIbhqXG1FHnVP4y+RgQa5b82ipg=
github.com/dunv/uhelpers v1.0.7/go.mod h1:e01Y+aVv/p2Te+5P5pZb6GiaOBce9jxDXE7bpJaBez4=
github.com/dunv/uhelpers v1.0.11 h1:oaiayyaotrgSmhvUm0tFv+IyIhgTM7g211rx1Tv3hcM=
github.com/dunv/uhelpers v1.0.11/go.mod h1:Y8BAqY06wly5JR18Yh7vpPSZ7aR950QoxTAQZD5lE9E=
github.com/dunv/ulog v1.0.7 h1:id7TfeobynPsgPGe3S5FSZiVmdKVAfoZXYPWhddR4BI=
github.com/dunv/ulog v1.0.7/go.mod h1:tLx87vZIy7+srmB52LJ8U6Exqnkj5jJ8AaA8cWQp6xs=
github.com/dunv/ulog v1.0.9 h1:mWDBlyBXiurDIcYLTcqPOmaLjAIZIqqXNZ54TMArUoA=
github.com/dunv/ulog v1.0.9/go.mod h1:tLx87vZIy7+srmB52LJ8U6Exqnkj5jJ8AaA8cWQp6xs=
github.com/google/uuid v1.1.1 h1:Gkbcsh/GbpXz7lPftLA3P6TYMwjCLYm83jiFQZF/3gY=
github.com/google/uuid v1.1.1/go.mod h1:TIyPZe4MgqvfeYDBFedMoGGpEw/LqOeaOT+nhxU+yHo=
github.com/pmezard/go-difflib v1.0.0/go.mod h1:iKH77koFhYxTK1pcRnkKkqfTogsbg7gZNVY4sRDYZ/4=
github.com/stretchr/objx v0.1.0/go.mod h1:HFkY916IF+rwdDfMAkV7OtwuqBVzrE8GR6GFx+wExME=
github.com/stretchr/testify v1.5.1 h1:nOGnQDM7FYENwehXlg/kFVnos3rEvtKTjRvOWSzb6H4=
github.com/stretchr/testify v1.5.1/go.mod h1:5W2xD1RspED5o8YsWQXVCued0rvSQ+mT+I5cxcmMvtA=
gopkg.in/check.v1 v0.0.0-20161208181325-20d25e280405/go.mod h1:Co6ibVJAznAaIkqp8huTwlJQCZ016jof/cbN4VW5Yz0=
gopkg.in/yaml.v2 v2.2.2 h1:ZCJp+EgiOT7lHqUV2J862kp8Qj64Jo6az82+3Td9dZw=
gopkg.in/yaml.v2 v2.2.2/go.mod h1:hI93XBmqTisBFMUTm0b8Fm+jr3Dg1NNxqwp+5A1VGuI=
